
Microsoft Visual Studio Solution File, Format Version 12.00
# Visual Studio 14
VisualStudioVersion = 14.0.25420.1
MinimumVisualStudioVersion = 10.0.40219.1
Project("{FAE04EC0-301F-11D3-BF4B-00C04F79EFBC}") = "Length_Equals", "MetodosYPropiedadDeString\Length_Equals.csproj", "{269FB43B-A5AE-4BE0-A395-78CC9A18B2A0}"
EndProject
Project("{FAE04EC0-301F-11D3-BF4B-00C04F79EFBC}") = "MetodoTrim_delSpaceStarEnd", "MetodoTrim\MetodoTrim_delSpaceStarEnd.csproj", "{D476A634-75B4-436F-8844-8262B57F2E26}"
EndProject
Project("{FAE04EC0-301F-11D3-BF4B-00C04F79EFBC}") = "MetodosToUpperToLower", "MetodosToUpperToLower\MetodosToUpperToLower.csproj", "{48F043A1-6EC1-4B6E-9937-C4B46D8D69E7}"
EndProject
Project("{FAE04EC0-301F-11D3-BF4B-00C04F79EFBC}") = "MetodoToCharArray", "MetodoToCharArray\MetodoToCharArray.csproj", "{EFC7CED8-18D3-491E-8243-41B97999B238}"
EndProject
Project("{FAE04EC0-301F-11D3-BF4B-00C04F79EFBC}") = "MetodoSubstring", "MetodoSubstring\MetodoSubstring.csproj", "{3B17C096-D4E3-45C0-8C4B-1AB5427AF038}"
EndProject
Project("{FAE04EC0-301F-11D3-BF4B-00C04F79EFBC}") = "MetodoRemove", "MetodoRemove\MetodoRemove.csproj", "{148340F9-B911-42E8-A267-B27A8FE52BAA}"
EndProject
Project("{FAE04EC0-301F-11D3-BF4B-00C04F79EFBC}") = "StartMetodos", "StartMetodos\StartMetodos.csproj", "{0AFACFD4-C65E-4B20-9217-AE214F0F63B8}"
EndProject
Project("{FAE04EC0-301F-11D3-BF4B-00C04F79EFBC}") = "MetodoEnd", "MetodoEnd\MetodoEnd.csproj", "{BAF03C7F-8847-4F40-ACFF-61A06FFFBA2E}"
EndProject
Project("{FAE04EC0-301F-11D3-BF4B-00C04F79EFBC}") = "MetodoContains", "MetodoContains\MetodoContains.csproj", "{1886F16C-7442-4570-82BB-F2C6F2F0C64F}"
EndProject
Project("{FAE04EC0-301F-11D3-BF4B-00C04F79EFBC}") = "MetodoSplit", "MetodoSplit\MetodoSplit.csproj", "{ECBE7547-E7E6-480B-BB0E-7A13CCABBE6E}"
EndProject
Project("{FAE04EC0-301F-11D3-BF4B-00C04F79EFBC}") = "IndexOf", "IndexOf\IndexOf.csproj", "{65C87A9B-BF6D-4AFB-B8C4-B904B21D4C06}"
EndProject
Project("{FAE04EC0-301F-11D3-BF4B-00C04F79EFBC}") = "MetodoReplace", "MetodoReplace\MetodoReplace.csproj", "{DB806435-476E-4F43-8B8A-D306633E58F1}"
EndProject
Project("{FAE04EC0-301F-11D3-BF4B-00C04F79EFBC}") = "PadLeftYPadRigth", "PadLeftYPadRigth\PadLeftYPadRigth.csproj", "{B9F2D4C9-A3DF-43DE-9A25-4B2D78050360}"
EndProject
Project("{FAE04EC0-301F-11D3-BF4B-00C04F79EFBC}") = "MetodoInsert", "MetodoInsert\MetodoInsert.csproj", "{46534DBC-2649-4482-8E83-D9F13EE7F9ED}"
EndProject
Global
	GlobalSection(SolutionConfigurationPlatforms) = preSolution
		Debug|Any CPU = Debug|Any CPU
		Release|Any CPU = Release|Any CPU
	EndGlobalSection
	GlobalSection(ProjectConfigurationPlatforms) = postSolution
		{269FB43B-A5AE-4BE0-A395-78CC9A18B2A0}.Debug|Any CPU.ActiveCfg = Debug|Any CPU
		{269FB43B-A5AE-4BE0-A395-78CC9A18B2A0}.Debug|Any CPU.Build.0 = Debug|Any CPU
		{269FB43B-A5AE-4BE0-A395-78CC9A18B2A0}.Release|Any CPU.ActiveCfg = Release|Any CPU
		{269FB43B-A5AE-4BE0-A395-78CC9A18B2A0}.Release|Any CPU.Build.0 = Release|Any CPU
		{D476A634-75B4-436F-8844-8262B57F2E26}.Debug|Any CPU.ActiveCfg = Debug|Any CPU
		{D476A634-75B4-436F-8844-8262B57F2E26}.Debug|Any CPU.Build.0 = Debug|Any CPU
		{D476A634-75B4-436F-8844-8262B57F2E26}.Release|Any CPU.ActiveCfg = Release|Any CPU
		{D476A634-75B4-436F-8844-8262B57F2E26}.Release|Any CPU.Build.0 = Release|Any CPU
		{48F043A1-6EC1-4B6E-9937-C4B46D8D69E7}.Debug|Any CPU.ActiveCfg = Debug|Any CPU
		{48F043A1-6EC1-4B6E-9937-C4B46D8D69E7}.Debug|Any CPU.Build.0 = Debug|Any CPU
		{48F043A1-6EC1-4B6E-9937-C4B46D8D69E7}.Release|Any CPU.ActiveCfg = Release|Any CPU
		{48F043A1-6EC1-4B6E-9937-C4B46D8D69E7}.Release|Any CPU.Build.0 = Release|Any CPU
		{EFC7CED8-18D3-491E-8243-41B97999B238}.Debug|Any CPU.ActiveCfg = Debug|Any CPU
		{EFC7CED8-18D3-491E-8243-41B97999B238}.Debug|Any CPU.Build.0 = Debug|Any CPU
		{EFC7CED8-18D3-491E-8243-41B97999B238}.Release|Any CPU.ActiveCfg = Release|Any CPU
		{EFC7CED8-18D3-491E-8243-41B97999B238}.Release|Any CPU.Build.0 = Release|Any CPU
		{3B17C096-D4E3-45C0-8C4B-1AB5427AF038}.Debug|Any CPU.ActiveCfg = Debug|Any CPU
		{3B17C096-D4E3-45C0-8C4B-1AB5427AF038}.Debug|Any CPU.Build.0 = Debug|Any CPU
		{3B17C096-D4E3-45C0-8C4B-1AB5427AF038}.Release|Any CPU.ActiveCfg = Release|Any CPU
		{3B17C096-D4E3-45C0-8C4B-1AB5427AF038}.Release|Any CPU.Build.0 = Release|Any CPU
		{148340F9-B911-42E8-A267-B27A8FE52BAA}.Debug|Any CPU.ActiveCfg = Debug|Any CPU
		{148340F9-B911-42E8-A267-B27A8FE52BAA}.Debug|Any CPU.Build.0 = Debug|Any CPU
		{148340F9-B911-42E8-A267-B27A8FE52BAA}.Release|Any CPU.ActiveCfg = Release|Any CPU
		{148340F9-B911-42E8-A267-B27A8FE52BAA}.Release|Any CPU.Build.0 = Release|Any CPU
		{0AFACFD4-C65E-4B20-9217-AE214F0F63B8}.Debug|Any CPU.ActiveCfg = Debug|Any CPU
		{0AFACFD4-C65E-4B20-9217-AE214F0F63B8}.Debug|Any CPU.Build.0 = Debug|Any CPU
		{0AFACFD4-C65E-4B20-9217-AE214F0F63B8}.Release|Any CPU.ActiveCfg = Release|Any CPU
		{0AFACFD4-C65E-4B20-9217-AE214F0F63B8}.Release|Any CPU.Build.0 = Release|Any CPU
		{BAF03C7F-8847-4F40-ACFF-61A06FFFBA2E}.Debug|Any CPU.ActiveCfg = Debug|Any CPU
		{BAF03C7F-8847-4F40-ACFF-61A06FFFBA2E}.Debug|Any CPU.Build.0 = Debug|Any CPU
		{BAF03C7F-8847-4F40-ACFF-61A06FFFBA2E}.Release|Any CPU.ActiveCfg = Release|Any CPU
		{BAF03C7F-8847-4F40-ACFF-61A06FFFBA2E}.Release|Any CPU.Build.0 = Release|Any CPU
		{1886F16C-7442-4570-82BB-F2C6F2F0C64F}.Debug|Any CPU.ActiveCfg = Debug|Any CPU
		{1886F16C-7442-4570-82BB-F2C6F2F0C64F}.Debug|Any CPU.Build.0 = Debug|Any CPU
		{1886F16C-7442-4570-82BB-F2C6F2F0C64F}.Release|Any CPU.ActiveCfg = Release|Any CPU
		{1886F16C-7442-4570-82BB-F2C6F2F0C64F}.Release|Any CPU.Build.0 = Release|Any CPU
		{ECBE7547-E7E6-480B-BB0E-7A13CCABBE6E}.Debug|Any CPU.ActiveCfg = Debug|Any CPU
		{ECBE7547-E7E6-480B-BB0E-7A13CCABBE6E}.Debug|Any CPU.Build.0 = Debug|Any CPU
		{ECBE7547-E7E6-480B-BB0E-7A13CCABBE6E}.Release|Any CPU.ActiveCfg = Release|Any CPU
		{ECBE7547-E7E6-480B-BB0E-7A13CCABBE6E}.Release|Any CPU.Build.0 = Release|Any CPU
		{65C87A9B-BF6D-4AFB-B8C4-B904B21D4C06}.Debug|Any CPU.ActiveCfg = Debug|Any CPU
		{65C87A9B-BF6D-4AFB-B8C4-B904B21D4C06}.Debug|Any CPU.Build.0 = Debug|Any CPU
		{65C87A9B-BF6D-4AFB-B8C4-B904B21D4C06}.Release|Any CPU.ActiveCfg = Release|Any CPU
		{65C87A9B-BF6D-4AFB-B8C4-B904B21D4C06}.Release|Any CPU.Build.0 = Release|Any CPU
		{DB806435-476E-4F43-8B8A-D306633E58F1}.Debug|Any CPU.ActiveCfg = Debug|Any CPU
		{DB806435-476E-4F43-8B8A-D306633E58F1}.Debug|Any CPU.Build.0 = Debug|Any CPU
		{DB806435-476E-4F43-8B8A-D306633E58F1}.Release|Any CPU.ActiveCfg = Release|Any CPU
		{DB806435-476E-4F43-8B8A-D306633E58F1}.Release|Any CPU.Build.0 = Release|Any CPU
		{B9F2D4C9-A3DF-43DE-9A25-4B2D78050360}.Debug|Any CPU.ActiveCfg = Debug|Any CPU
		{B9F2D4C9-A3DF-43DE-9A25-4B2D78050360}.Debug|Any CPU.Build.0 = Debug|Any CPU
		{B9F2D4C9-A3DF-43DE-9A25-4B2D78050360}.Release|Any CPU.ActiveCfg = Release|Any CPU
		{B9F2D4C9-A3DF-43DE-9A25-4B2D78050360}.Release|Any CPU.Build.0 = Release|Any CPU
		{46534DBC-2649-4482-8E83-D9F13EE7F9ED}.Debug|Any CPU.ActiveCfg = Debug|Any CPU
		{46534DBC-2649-4482-8E83-D9F13EE7F9ED}.Debug|Any CPU.Build.0 = Debug|Any CPU
		{46534DBC-2649-4482-8E83-D9F13EE7F9ED}.Release|Any CPU.ActiveCfg = Release|Any CPU
		{46534DBC-2649-4482-8E83-D9F13EE7F9ED}.Release|Any CPU.Build.0 = Release|Any CPU
	EndGlobalSection
	GlobalSection(SolutionProperties) = preSolution
		HideSolutionNode = FALSE
	EndGlobalSection
EndGlobal
